{
  "nodes": {
    "home-manager": {
      "inputs": {
        "nixpkgs": [
          "stable"
        ]
      },
      "locked": {
        "lastModified": 1600992519,
        "narHash": "sha256-Y9wlciB/g1QUquVpTZXQq23I5r8qJ4nZArfczTYBo24=",
        "owner": "rycee",
        "repo": "home-manager",
        "rev": "abfb4cde51856dbee909f373b59cd941f51c2170",
        "type": "github"
      },
      "original": {
        "owner": "rycee",
        "ref": "release-20.09",
        "repo": "home-manager",
        "type": "github"
      }
    },
    "root": {
      "inputs": {
        "home-manager": "home-manager",
        "stable": "stable",
        "unstable": "unstable"
      }
    },
    "stable": {
      "locked": {
        "lastModified": 1601200199,
        "narHash": "sha256-wf5XDJJ8tJw0gZH7S1+r/I/k321bj9jGVzRXEVtbfkQ=",
        "owner": "NixOS",
        "repo": "nixpkgs",
        "rev": "0cfe5377e8993052f9b0dd56d058f8008af45bd9",
        "type": "github"
      },
      "original": {
        "owner": "NixOS",
        "ref": "nixos-20.09",
        "repo": "nixpkgs",
        "type": "github"
      }
    },
    "unstable": {
      "locked": {
        "lastModified": 1601171649,
        "narHash": "sha256-G3RUAi2DUq6r3ntASLS+LZC/Eamot55W1+xmBOgEh3M=",
        "owner": "NixOS",
        "repo": "nixpkgs",
        "rev": "84d74ae9c9cbed73274b8e4e00be14688ffc93fe",
        "type": "github"
      },
      "original": {
        "owner": "NixOS",
        "ref": "nixos-unstable",
        "repo": "nixpkgs",
        "type": "github"
      }
    }
  },
  "root": "root",
  "version": 7
}
