{
  "nodes": {
    "home-manager": {
      "inputs": {
        "nixpkgs": [
          "stable"
        ]
      },
      "locked": {
        "lastModified": 1600450519,
        "narHash": "sha256-JzfJPzOUTv2AA/FnRWTr2tNIvNtPNRoCilBqh3e+dtM=",
        "owner": "rycee",
        "repo": "home-manager",
        "rev": "9b1b55ba0264a55add4b7b4e022bdc2832b531f6",
        "type": "github"
      },
      "original": {
        "owner": "rycee",
        "repo": "home-manager",
        "type": "github"
      }
    },
    "root": {
      "inputs": {
        "home-manager": "home-manager",
        "stable": "stable",
        "unstable": "unstable"
      }
    },
    "stable": {
      "locked": {
        "lastModified": 1600613496,
        "narHash": "sha256-kR08LLpsKvdt6VVvGm5t11IJ+Wqwm3JrFdOLdwDwB0g=",
        "owner": "NixOS",
        "repo": "nixpkgs",
        "rev": "773ef5ae78339db744b917c2b35d28812028bd8c",
        "type": "github"
      },
      "original": {
        "owner": "NixOS",
        "ref": "nixos-20.03",
        "repo": "nixpkgs",
        "type": "github"
      }
    },
    "unstable": {
      "locked": {
        "lastModified": 1600479855,
        "narHash": "sha256-jqmDpV+0DNZAK6CNbsN5WB3Wmzm9boofzzxGuz0MgKk=",
        "owner": "NixOS",
        "repo": "nixpkgs",
        "rev": "2a35f664394b379e0c0785cc769ff6ccc791be39",
        "type": "github"
      },
      "original": {
        "owner": "NixOS",
        "ref": "nixos-unstable",
        "repo": "nixpkgs",
        "type": "github"
      }
    }
  },
  "root": "root",
  "version": 7
}
